{
	"name": "cocosjs-core",
	"version": "0.1.16",
	"lockfileVersion": 1,
	"requires": true,
	"dependencies": {
		"async-limiter": {
			"version": "1.0.0",
			"resolved": "https://registry.npm.taobao.org/async-limiter/download/async-limiter-1.0.0.tgz",
			"integrity": "sha1-ePrtjD0HSrgfIrTphdeehzj3IPg="
		},
		"cipher-base": {
			"version": "1.0.4",
			"resolved": "https://registry.npm.taobao.org/cipher-base/download/cipher-base-1.0.4.tgz",
			"integrity": "sha1-h2Dk7MJy9MNjUy+SbYdKriwTl94=",
			"requires": {
				"inherits": "^2.0.1",
				"safe-buffer": "^5.0.1"
			}
		},
		"create-hash": {
			"version": "1.2.0",
			"resolved": "https://registry.npm.taobao.org/create-hash/download/create-hash-1.2.0.tgz",
			"integrity": "sha1-iJB4rxGmN1a8+1m9IhmWvjqe8ZY=",
			"requires": {
				"cipher-base": "^1.0.1",
				"inherits": "^2.0.1",
				"md5.js": "^1.3.4",
				"ripemd160": "^2.0.1",
				"sha.js": "^2.4.0"
			}
		},
		"dom-walk": {
			"version": "0.1.1",
			"resolved": "https://registry.npm.taobao.org/dom-walk/download/dom-walk-0.1.1.tgz",
			"integrity": "sha1-ZyIm3HTI95mtNTB9+TaroRrNYBg="
		},
		"es6-promise": {
			"version": "4.2.6",
			"resolved": "https://registry.npm.taobao.org/es6-promise/download/es6-promise-4.2.6.tgz",
			"integrity": "sha1-toXt2CWIhjZepitX0w3ij63Nl08="
		},
		"get-random-values": {
			"version": "1.2.0",
			"resolved": "https://registry.npm.taobao.org/get-random-values/download/get-random-values-1.2.0.tgz",
			"integrity": "sha1-MpIO3oG+2YJl/0A3HPSSmb1YHvE=",
			"requires": {
				"global": "^4.2.1"
			}
		},
		"global": {
			"version": "4.3.2",
			"resolved": "https://registry.npm.taobao.org/global/download/global-4.3.2.tgz",
			"integrity": "sha1-52mJJopsdMOJCLEwWxD8DjlOnQ8=",
			"requires": {
				"min-document": "^2.19.0",
				"process": "~0.5.1"
			}
		},
		"hash-base": {
			"version": "3.0.4",
			"resolved": "https://registry.npm.taobao.org/hash-base/download/hash-base-3.0.4.tgz",
			"integrity": "sha1-X8hoaEfs1zSZQDMZprCj8/auSRg=",
			"requires": {
				"inherits": "^2.0.1",
				"safe-buffer": "^5.0.1"
			}
		},
		"inherits": {
			"version": "2.0.3",
			"resolved": "https://registry.npm.taobao.org/inherits/download/inherits-2.0.3.tgz",
			"integrity": "sha1-Yzwsg+PaQqUC9SRmAiSA9CCCYd4="
		},
		"isomorphic-ws": {
			"version": "4.0.1",
			"resolved": "https://registry.npm.taobao.org/isomorphic-ws/download/isomorphic-ws-4.0.1.tgz",
			"integrity": "sha1-Vf1M1sXmSR523BJZON2GP1zU8tw="
		},
		"md5.js": {
			"version": "1.3.5",
			"resolved": "https://registry.npm.taobao.org/md5.js/download/md5.js-1.3.5.tgz",
			"integrity": "sha1-tdB7jjIW4+J81yjXL3DR5qNCAF8=",
			"requires": {
				"hash-base": "^3.0.0",
				"inherits": "^2.0.1",
				"safe-buffer": "^5.1.2"
			}
		},
		"min-document": {
			"version": "2.19.0",
			"resolved": "https://registry.npm.taobao.org/min-document/download/min-document-2.19.0.tgz",
			"integrity": "sha1-e9KC4/WELtKVu3SM3Z8f+iyCRoU=",
			"requires": {
				"dom-walk": "^0.1.0"
			}
		},
		"process": {
			"version": "0.5.2",
			"resolved": "https://registry.npm.taobao.org/process/download/process-0.5.2.tgz",
			"integrity": "sha1-FjjYqONML0QKkduVq5rrZ3/Bhc8="
		},
		"ripemd160": {
			"version": "2.0.2",
			"resolved": "https://registry.npm.taobao.org/ripemd160/download/ripemd160-2.0.2.tgz",
			"integrity": "sha1-ocGm9iR1FXe6XQeRTLyShQWFiQw=",
			"requires": {
				"hash-base": "^3.0.0",
				"inherits": "^2.0.1"
			}
		},
		"safe-buffer": {
			"version": "5.1.2",
			"resolved": "https://registry.npm.taobao.org/safe-buffer/download/safe-buffer-5.1.2.tgz",
			"integrity": "sha1-mR7GnSluAxN0fVm9/St0XDX4go0="
		},
		"sha.js": {
			"version": "2.4.11",
			"resolved": "https://registry.npm.taobao.org/sha.js/download/sha.js-2.4.11.tgz",
			"integrity": "sha1-N6XPC4HsvGlD3hCbopYNGyZYSuc=",
			"requires": {
				"inherits": "^2.0.1",
				"safe-buffer": "^5.0.1"
			}
		},
		"ws": {
			"version": "6.2.1",
			"resolved": "https://registry.npm.taobao.org/ws/download/ws-6.2.1.tgz",
			"integrity": "sha1-RC/fCkftZPWbal2P8TD0dI7VJPs=",
			"requires": {
				"async-limiter": "~1.0.0"
			}
		}
	}
}